
Microsoft Visual Studio Solution File, Format Version 12.00
# Visual Studio Version 17
VisualStudioVersion = 17.9.34701.34
MinimumVisualStudioVersion = 10.0.40219.1
Project("{9A19103F-16F7-4668-BE54-9A1E7A4F7556}") = "AlphaPatch", "AlphaPatch\AlphaPatch.csproj", "{BB2BB29A-737D-4704-9946-947D9ADBFABC}"
EndProject
Global
	GlobalSection(SolutionConfigurationPlatforms) = preSolution
		Debug|Any CPU = Debug|Any CPU
		Release|Any CPU = Release|Any CPU
	EndGlobalSection
	GlobalSection(ProjectConfigurationPlatforms) = postSolution
		{BB2BB29A-737D-4704-9946-947D9ADBFABC}.Debug|Any CPU.ActiveCfg = Debug|Any CPU
		{BB2BB29A-737D-4704-9946-947D9ADBFABC}.Debug|Any CPU.Build.0 = Debug|Any CPU
		{BB2BB29A-737D-4704-9946-947D9ADBFABC}.Release|Any CPU.ActiveCfg = Release|Any CPU
		{BB2BB29A-737D-4704-9946-947D9ADBFABC}.Release|Any CPU.Build.0 = Release|Any CPU
	EndGlobalSection
	GlobalSection(SolutionProperties) = preSolution
		HideSolutionNode = FALSE
	EndGlobalSection
	GlobalSection(ExtensibilityGlobals) = postSolution
		SolutionGuid = {1F13524C-F1CD-4B56-8A8A-A453CD13AF54}
	EndGlobalSection
EndGlobal
